{
  "name": "mini-acorn",
  "version": "1.0.0",
  "lockfileVersion": 1,
  "requires": true,
  "dependencies": {
    "typescript": {
      "version": "5.9.3",
      "resolved": "https://registry.npm.qianxin-inc.cn/typescript/download/typescript-5.9.3.tgz",
      "integrity": "sha1-W09Z4VMQqxeiFvXWz1PuR27eZw8=",
      "dev": true
    }
  }
}
